
Microsoft Visual Studio Solution File, Format Version 12.00
# Visual Studio Version 16
VisualStudioVersion = 16.0.30114.105
MinimumVisualStudioVersion = 10.0.40219.1
Project("{FAE04EC0-301F-11D3-BF4B-00C04F79EFBC}") = "FizzBuzz", "1_FizzBuzz\FizzBuzz.csproj", "{8467E903-9DE3-4CAA-8402-CA587C979802}"
EndProject
Project("{FAE04EC0-301F-11D3-BF4B-00C04F79EFBC}") = "LeapYear", "2_LeapYear\LeapYear.csproj", "{0BCD9AE3-D356-46F7-A99E-B3A6655C6495}"
EndProject
Project("{FAE04EC0-301F-11D3-BF4B-00C04F79EFBC}") = "Fibonacci", "3_Fibonacci\Fibonacci.csproj", "{120AC740-3E12-43E6-B4AF-CFEBF97F0247}"
EndProject
Project("{FAE04EC0-301F-11D3-BF4B-00C04F79EFBC}") = "StackKata", "4_StackKata\StackKata.csproj", "{273775F7-A344-4DFD-9BA3-0054CE7D2B2F}"
EndProject
Project("{FAE04EC0-301F-11D3-BF4B-00C04F79EFBC}") = "RomanNumerals", "5_RomanNumerals\RomanNumerals.csproj", "{EA31B85F-CC27-413C-88AF-1B54A0A570EC}"
EndProject
Project("{FAE04EC0-301F-11D3-BF4B-00C04F79EFBC}") = "PrimeFactors", "6_PrimeFactors\PrimeFactors.csproj", "{415E1361-D230-4512-8A3A-B38B1AE6F4AC}"
EndProject
Project("{FAE04EC0-301F-11D3-BF4B-00C04F79EFBC}") = "TicTacToe", "7_TicTacToe\TicTacToe.csproj", "{73CD29A0-01F3-4AF5-B63A-13388CC47C19}"
EndProject
Project("{FAE04EC0-301F-11D3-BF4B-00C04F79EFBC}") = "Yahtzee", "8_Yahtzee\Yahtzee.csproj", "{02496CBD-97F8-4929-A765-E44BB73257F9}"
EndProject
Project("{FAE04EC0-301F-11D3-BF4B-00C04F79EFBC}") = "MarsRover", "9_MarsRover\MarsRover.csproj", "{C7E2183A-0476-4A99-8954-F95C68369FF3}"
EndProject
Project("{FAE04EC0-301F-11D3-BF4B-00C04F79EFBC}") = "Tennis", "10_Tennis\Tennis.csproj", "{77BB7E48-741C-412B-8349-DC9C39B87808}"
EndProject
Project("{FAE04EC0-301F-11D3-BF4B-00C04F79EFBC}") = "GildedRoseTests", "11_GildedRose\GildedRoseTests\GildedRoseTests.csproj", "{D4CA7C73-4E0C-4ED1-8918-9425D45E1049}"
EndProject
Project("{FAE04EC0-301F-11D3-BF4B-00C04F79EFBC}") = "Raid", "12_Raid\Raid.csproj", "{2BB8916A-E0CE-40C4-A441-272360495094}"
EndProject
Project("{FAE04EC0-301F-11D3-BF4B-00C04F79EFBC}") = "RefactoringGolf", "13_RefactoringGolf\RefactoringGolf.csproj", "{9DCC252C-E855-4178-BEFA-ED27501E4861}"
EndProject
Project("{FAE04EC0-301F-11D3-BF4B-00C04F79EFBC}") = "CharacterCopier", "14_CharacterCopier\CharacterCopier.csproj", "{36D6986B-FE11-4945-91F6-F2BB0068D326}"
EndProject
Project("{FAE04EC0-301F-11D3-BF4B-00C04F79EFBC}") = "TicTacToeMock", "15_TicTacToeMock\TicTacToeMock.csproj", "{5CDE2ECB-4719-4C52-AD4A-DAAB3BC81FEB}"
EndProject
Project("{FAE04EC0-301F-11D3-BF4B-00C04F79EFBC}") = "ESAMarsRover", "16_ESAMarsRover\ESAMarsRover.csproj", "{ED89D326-7553-4F55-9D49-E19A578F5CAA}"
EndProject
Project("{FAE04EC0-301F-11D3-BF4B-00C04F79EFBC}") = "ShoppingCart", "17_ShoppingCart\ShoppingCart.csproj", "{66BB0F37-1038-4DFB-A329-F85F3D9A7BA5}"
EndProject
Project("{FAE04EC0-301F-11D3-BF4B-00C04F79EFBC}") = "SmellyTicTacToe", "18_SmellyTicTacToe\SmellyTicTacToe.csproj", "{E57F46F2-EE7B-45B9-AFF5-A19592EF0CCD}"
EndProject
Project("{FAE04EC0-301F-11D3-BF4B-00C04F79EFBC}") = "SocialNetwork", "19_SocialNetwork\SocialNetwork.csproj", "{30B38272-47A5-4C8A-804E-B09E92DB22AF}"
EndProject
Project("{FAE04EC0-301F-11D3-BF4B-00C04F79EFBC}") = "Katacombs", "20_Katacombs\Katacombs.csproj", "{F379754B-90C8-48EF-B037-D6DCB9D3AD97}"
EndProject
Project("{2150E333-8FDC-42A3-9474-1A3956D46DE8}") = "11_GildedRose", "11_GildedRose", "{B558057E-7762-4809-A363-FD216603BC46}"
EndProject
Project("{FAE04EC0-301F-11D3-BF4B-00C04F79EFBC}") = "GildedRoseApp", "11_GildedRose\GildedRoseApp\GildedRoseApp.csproj", "{8682C561-9EC2-4289-B2F1-1C6890044AAA}"
EndProject
Global
	GlobalSection(SolutionConfigurationPlatforms) = preSolution
		Debug|Any CPU = Debug|Any CPU
		Release|Any CPU = Release|Any CPU
	EndGlobalSection
	GlobalSection(SolutionProperties) = preSolution
		HideSolutionNode = FALSE
	EndGlobalSection
	GlobalSection(ProjectConfigurationPlatforms) = postSolution
		{8467E903-9DE3-4CAA-8402-CA587C979802}.Debug|Any CPU.ActiveCfg = Debug|Any CPU
		{8467E903-9DE3-4CAA-8402-CA587C979802}.Debug|Any CPU.Build.0 = Debug|Any CPU
		{8467E903-9DE3-4CAA-8402-CA587C979802}.Release|Any CPU.ActiveCfg = Release|Any CPU
		{8467E903-9DE3-4CAA-8402-CA587C979802}.Release|Any CPU.Build.0 = Release|Any CPU
		{0BCD9AE3-D356-46F7-A99E-B3A6655C6495}.Debug|Any CPU.ActiveCfg = Debug|Any CPU
		{0BCD9AE3-D356-46F7-A99E-B3A6655C6495}.Debug|Any CPU.Build.0 = Debug|Any CPU
		{0BCD9AE3-D356-46F7-A99E-B3A6655C6495}.Release|Any CPU.ActiveCfg = Release|Any CPU
		{0BCD9AE3-D356-46F7-A99E-B3A6655C6495}.Release|Any CPU.Build.0 = Release|Any CPU
		{120AC740-3E12-43E6-B4AF-CFEBF97F0247}.Debug|Any CPU.ActiveCfg = Debug|Any CPU
		{120AC740-3E12-43E6-B4AF-CFEBF97F0247}.Debug|Any CPU.Build.0 = Debug|Any CPU
		{120AC740-3E12-43E6-B4AF-CFEBF97F0247}.Release|Any CPU.ActiveCfg = Release|Any CPU
		{120AC740-3E12-43E6-B4AF-CFEBF97F0247}.Release|Any CPU.Build.0 = Release|Any CPU
		{273775F7-A344-4DFD-9BA3-0054CE7D2B2F}.Debug|Any CPU.ActiveCfg = Debug|Any CPU
		{273775F7-A344-4DFD-9BA3-0054CE7D2B2F}.Debug|Any CPU.Build.0 = Debug|Any CPU
		{273775F7-A344-4DFD-9BA3-0054CE7D2B2F}.Release|Any CPU.ActiveCfg = Release|Any CPU
		{273775F7-A344-4DFD-9BA3-0054CE7D2B2F}.Release|Any CPU.Build.0 = Release|Any CPU
		{EA31B85F-CC27-413C-88AF-1B54A0A570EC}.Debug|Any CPU.ActiveCfg = Debug|Any CPU
		{EA31B85F-CC27-413C-88AF-1B54A0A570EC}.Debug|Any CPU.Build.0 = Debug|Any CPU
		{EA31B85F-CC27-413C-88AF-1B54A0A570EC}.Release|Any CPU.ActiveCfg = Release|Any CPU
		{EA31B85F-CC27-413C-88AF-1B54A0A570EC}.Release|Any CPU.Build.0 = Release|Any CPU
		{415E1361-D230-4512-8A3A-B38B1AE6F4AC}.Debug|Any CPU.ActiveCfg = Debug|Any CPU
		{415E1361-D230-4512-8A3A-B38B1AE6F4AC}.Debug|Any CPU.Build.0 = Debug|Any CPU
		{415E1361-D230-4512-8A3A-B38B1AE6F4AC}.Release|Any CPU.ActiveCfg = Release|Any CPU
		{415E1361-D230-4512-8A3A-B38B1AE6F4AC}.Release|Any CPU.Build.0 = Release|Any CPU
		{73CD29A0-01F3-4AF5-B63A-13388CC47C19}.Debug|Any CPU.ActiveCfg = Debug|Any CPU
		{73CD29A0-01F3-4AF5-B63A-13388CC47C19}.Debug|Any CPU.Build.0 = Debug|Any CPU
		{73CD29A0-01F3-4AF5-B63A-13388CC47C19}.Release|Any CPU.ActiveCfg = Release|Any CPU
		{73CD29A0-01F3-4AF5-B63A-13388CC47C19}.Release|Any CPU.Build.0 = Release|Any CPU
		{02496CBD-97F8-4929-A765-E44BB73257F9}.Debug|Any CPU.ActiveCfg = Debug|Any CPU
		{02496CBD-97F8-4929-A765-E44BB73257F9}.Debug|Any CPU.Build.0 = Debug|Any CPU
		{02496CBD-97F8-4929-A765-E44BB73257F9}.Release|Any CPU.ActiveCfg = Release|Any CPU
		{02496CBD-97F8-4929-A765-E44BB73257F9}.Release|Any CPU.Build.0 = Release|Any CPU
		{C7E2183A-0476-4A99-8954-F95C68369FF3}.Debug|Any CPU.ActiveCfg = Debug|Any CPU
		{C7E2183A-0476-4A99-8954-F95C68369FF3}.Debug|Any CPU.Build.0 = Debug|Any CPU
		{C7E2183A-0476-4A99-8954-F95C68369FF3}.Release|Any CPU.ActiveCfg = Release|Any CPU
		{C7E2183A-0476-4A99-8954-F95C68369FF3}.Release|Any CPU.Build.0 = Release|Any CPU
		{77BB7E48-741C-412B-8349-DC9C39B87808}.Debug|Any CPU.ActiveCfg = Debug|Any CPU
		{77BB7E48-741C-412B-8349-DC9C39B87808}.Debug|Any CPU.Build.0 = Debug|Any CPU
		{77BB7E48-741C-412B-8349-DC9C39B87808}.Release|Any CPU.ActiveCfg = Release|Any CPU
		{77BB7E48-741C-412B-8349-DC9C39B87808}.Release|Any CPU.Build.0 = Release|Any CPU
		{D4CA7C73-4E0C-4ED1-8918-9425D45E1049}.Debug|Any CPU.ActiveCfg = Debug|Any CPU
		{D4CA7C73-4E0C-4ED1-8918-9425D45E1049}.Debug|Any CPU.Build.0 = Debug|Any CPU
		{D4CA7C73-4E0C-4ED1-8918-9425D45E1049}.Release|Any CPU.ActiveCfg = Release|Any CPU
		{D4CA7C73-4E0C-4ED1-8918-9425D45E1049}.Release|Any CPU.Build.0 = Release|Any CPU
		{2BB8916A-E0CE-40C4-A441-272360495094}.Debug|Any CPU.ActiveCfg = Debug|Any CPU
		{2BB8916A-E0CE-40C4-A441-272360495094}.Debug|Any CPU.Build.0 = Debug|Any CPU
		{2BB8916A-E0CE-40C4-A441-272360495094}.Release|Any CPU.ActiveCfg = Release|Any CPU
		{2BB8916A-E0CE-40C4-A441-272360495094}.Release|Any CPU.Build.0 = Release|Any CPU
		{9DCC252C-E855-4178-BEFA-ED27501E4861}.Debug|Any CPU.ActiveCfg = Debug|Any CPU
		{9DCC252C-E855-4178-BEFA-ED27501E4861}.Debug|Any CPU.Build.0 = Debug|Any CPU
		{9DCC252C-E855-4178-BEFA-ED27501E4861}.Release|Any CPU.ActiveCfg = Release|Any CPU
		{9DCC252C-E855-4178-BEFA-ED27501E4861}.Release|Any CPU.Build.0 = Release|Any CPU
		{36D6986B-FE11-4945-91F6-F2BB0068D326}.Debug|Any CPU.ActiveCfg = Debug|Any CPU
		{36D6986B-FE11-4945-91F6-F2BB0068D326}.Debug|Any CPU.Build.0 = Debug|Any CPU
		{36D6986B-FE11-4945-91F6-F2BB0068D326}.Release|Any CPU.ActiveCfg = Release|Any CPU
		{36D6986B-FE11-4945-91F6-F2BB0068D326}.Release|Any CPU.Build.0 = Release|Any CPU
		{5CDE2ECB-4719-4C52-AD4A-DAAB3BC81FEB}.Debug|Any CPU.ActiveCfg = Debug|Any CPU
		{5CDE2ECB-4719-4C52-AD4A-DAAB3BC81FEB}.Debug|Any CPU.Build.0 = Debug|Any CPU
		{5CDE2ECB-4719-4C52-AD4A-DAAB3BC81FEB}.Release|Any CPU.ActiveCfg = Release|Any CPU
		{5CDE2ECB-4719-4C52-AD4A-DAAB3BC81FEB}.Release|Any CPU.Build.0 = Release|Any CPU
		{ED89D326-7553-4F55-9D49-E19A578F5CAA}.Debug|Any CPU.ActiveCfg = Debug|Any CPU
		{ED89D326-7553-4F55-9D49-E19A578F5CAA}.Debug|Any CPU.Build.0 = Debug|Any CPU
		{ED89D326-7553-4F55-9D49-E19A578F5CAA}.Release|Any CPU.ActiveCfg = Release|Any CPU
		{ED89D326-7553-4F55-9D49-E19A578F5CAA}.Release|Any CPU.Build.0 = Release|Any CPU
		{66BB0F37-1038-4DFB-A329-F85F3D9A7BA5}.Debug|Any CPU.ActiveCfg = Debug|Any CPU
		{66BB0F37-1038-4DFB-A329-F85F3D9A7BA5}.Debug|Any CPU.Build.0 = Debug|Any CPU
		{66BB0F37-1038-4DFB-A329-F85F3D9A7BA5}.Release|Any CPU.ActiveCfg = Release|Any CPU
		{66BB0F37-1038-4DFB-A329-F85F3D9A7BA5}.Release|Any CPU.Build.0 = Release|Any CPU
		{E57F46F2-EE7B-45B9-AFF5-A19592EF0CCD}.Debug|Any CPU.ActiveCfg = Debug|Any CPU
		{E57F46F2-EE7B-45B9-AFF5-A19592EF0CCD}.Debug|Any CPU.Build.0 = Debug|Any CPU
		{E57F46F2-EE7B-45B9-AFF5-A19592EF0CCD}.Release|Any CPU.ActiveCfg = Release|Any CPU
		{E57F46F2-EE7B-45B9-AFF5-A19592EF0CCD}.Release|Any CPU.Build.0 = Release|Any CPU
		{30B38272-47A5-4C8A-804E-B09E92DB22AF}.Debug|Any CPU.ActiveCfg = Debug|Any CPU
		{30B38272-47A5-4C8A-804E-B09E92DB22AF}.Debug|Any CPU.Build.0 = Debug|Any CPU
		{30B38272-47A5-4C8A-804E-B09E92DB22AF}.Release|Any CPU.ActiveCfg = Release|Any CPU
		{30B38272-47A5-4C8A-804E-B09E92DB22AF}.Release|Any CPU.Build.0 = Release|Any CPU
		{F379754B-90C8-48EF-B037-D6DCB9D3AD97}.Debug|Any CPU.ActiveCfg = Debug|Any CPU
		{F379754B-90C8-48EF-B037-D6DCB9D3AD97}.Debug|Any CPU.Build.0 = Debug|Any CPU
		{F379754B-90C8-48EF-B037-D6DCB9D3AD97}.Release|Any CPU.ActiveCfg = Release|Any CPU
		{F379754B-90C8-48EF-B037-D6DCB9D3AD97}.Release|Any CPU.Build.0 = Release|Any CPU
		{8682C561-9EC2-4289-B2F1-1C6890044AAA}.Debug|Any CPU.ActiveCfg = Debug|Any CPU
		{8682C561-9EC2-4289-B2F1-1C6890044AAA}.Debug|Any CPU.Build.0 = Debug|Any CPU
		{8682C561-9EC2-4289-B2F1-1C6890044AAA}.Release|Any CPU.ActiveCfg = Release|Any CPU
		{8682C561-9EC2-4289-B2F1-1C6890044AAA}.Release|Any CPU.Build.0 = Release|Any CPU
	EndGlobalSection
	GlobalSection(NestedProjects) = preSolution
		{8682C561-9EC2-4289-B2F1-1C6890044AAA} = {B558057E-7762-4809-A363-FD216603BC46}
	EndGlobalSection
EndGlobal
