
Microsoft Visual Studio Solution File, Format Version 12.00
# Visual Studio Version 16
VisualStudioVersion = 16.0.30114.105
MinimumVisualStudioVersion = 10.0.40219.1
Project("{FAE04EC0-301F-11D3-BF4B-00C04F79EFBC}") = "FizzBuzz", "1_FizzBuzz\FizzBuzz.csproj", "{8467E903-9DE3-4CAA-8402-CA587C979802}"
EndProject
Project("{FAE04EC0-301F-11D3-BF4B-00C04F79EFBC}") = "LeapYear", "2_LeapYear\LeapYear.csproj", "{0BCD9AE3-D356-46F7-A99E-B3A6655C6495}"
EndProject
Project("{FAE04EC0-301F-11D3-BF4B-00C04F79EFBC}") = "Fibonacci", "3_Fibonacci\Fibonacci.csproj", "{120AC740-3E12-43E6-B4AF-CFEBF97F0247}"
EndProject
Project("{FAE04EC0-301F-11D3-BF4B-00C04F79EFBC}") = "StackKata", "4_StackKata\StackKata.csproj", "{273775F7-A344-4DFD-9BA3-0054CE7D2B2F}"
EndProject
Project("{FAE04EC0-301F-11D3-BF4B-00C04F79EFBC}") = "RomanNumerals", "5_RomanNumerals\RomanNumerals.csproj", "{EA31B85F-CC27-413C-88AF-1B54A0A570EC}"
EndProject
Project("{FAE04EC0-301F-11D3-BF4B-00C04F79EFBC}") = "PrimeFactors", "6_PrimeFactors\PrimeFactors.csproj", "{415E1361-D230-4512-8A3A-B38B1AE6F4AC}"
EndProject
Project("{FAE04EC0-301F-11D3-BF4B-00C04F79EFBC}") = "TicTacToe", "7_TicTacToe\TicTacToe.csproj", "{73CD29A0-01F3-4AF5-B63A-13388CC47C19}"
EndProject
Project("{FAE04EC0-301F-11D3-BF4B-00C04F79EFBC}") = "Yahtzee", "8_Yahtzee\Yahtzee.csproj", "{02496CBD-97F8-4929-A765-E44BB73257F9}"
EndProject
Project("{FAE04EC0-301F-11D3-BF4B-00C04F79EFBC}") = "MarsRover", "9_MarsRover\MarsRover.csproj", "{C7E2183A-0476-4A99-8954-F95C68369FF3}"
EndProject
Project("{FAE04EC0-301F-11D3-BF4B-00C04F79EFBC}") = "Tennis", "10_Tennis\Tennis.csproj", "{77BB7E48-741C-412B-8349-DC9C39B87808}"
EndProject
Project("{FAE04EC0-301F-11D3-BF4B-00C04F79EFBC}") = "GildedRoseTests", "11_GildedRose\GildedRoseTests\GildedRoseTests.csproj", "{D4CA7C73-4E0C-4ED1-8918-9425D45E1049}"
EndProject
Project("{FAE04EC0-301F-11D3-BF4B-00C04F79EFBC}") = "Raid", "12_Raid\Raid.csproj", "{2BB8916A-E0CE-40C4-A441-272360495094}"
EndProject
Project("{FAE04EC0-301F-11D3-BF4B-00C04F79EFBC}") = "RefactoringGolf", "13_RefactoringGolf\RefactoringGolf.csproj", "{9DCC252C-E855-4178-BEFA-ED27501E4861}"
EndProject
Project("{FAE04EC0-301F-11D3-BF4B-00C04F79EFBC}") = "CharacterCopier", "14_CharacterCopier\CharacterCopier.csproj", "{36D6986B-FE11-4945-91F6-F2BB0068D326}"
EndProject
Project("{FAE04EC0-301F-11D3-BF4B-00C04F79EFBC}") = "TicTacToeMock", "15_TicTacToeMock\TicTacToeMock.csproj", "{5CDE2ECB-4719-4C52-AD4A-DAAB3BC81FEB}"
EndProject
Project("{FAE04EC0-301F-11D3-BF4B-00C04F79EFBC}") = "ESAMarsRover", "16_ESAMarsRover\ESAMarsRover.csproj", "{ED89D326-7553-4F55-9D49-E19A578F5CAA}"
EndProject
Project("{FAE04EC0-301F-11D3-BF4B-00C04F79EFBC}") = "ShoppingCart", "17_ShoppingCart\ShoppingCart.csproj", "{66BB0F37-1038-4DFB-A329-F85F3D9A7BA5}"
EndProject
Project("{FAE04EC0-301F-11D3-BF4B-00C04F79EFBC}") = "SmellyTicTacToe", "18_SmellyTicTacToe\SmellyTicTacToe.csproj", "{E57F46F2-EE7B-45B9-AFF5-A19592EF0CCD}"
EndProject
Project("{FAE04EC0-301F-11D3-BF4B-00C04F79EFBC}") = "SocialNetwork", "19_SocialNetwork\SocialNetwork.csproj", "{30B38272-47A5-4C8A-804E-B09E92DB22AF}"
EndProject
Project("{FAE04EC0-301F-11D3-BF4B-00C04F79EFBC}") = "Katacombs", "20_Katacombs\Katacombs.csproj", "{F379754B-90C8-48EF-B037-D6DCB9D3AD97}"
EndProject
Project("{2150E333-8FDC-42A3-9474-1A3956D46DE8}") = "11_GildedRose", "11_GildedRose", "{B558057E-7762-4809-A363-FD216603BC46}"
	ProjectSection(SolutionItems) = preProject
		11_GildedRose\README.md = 11_GildedRose\README.md
	EndProjectSection
EndProject
Project("{FAE04EC0-301F-11D3-BF4B-00C04F79EFBC}") = "GildedRoseApp", "11_GildedRose\GildedRoseApp\GildedRoseApp.csproj", "{8682C561-9EC2-4289-B2F1-1C6890044AAA}"
EndProject
Project("{2150E333-8FDC-42A3-9474-1A3956D46DE8}") = "1_FizzBuzz", "1_FizzBuzz", "{933EDD41-2050-483F-8460-A4FAF5928E76}"
EndProject
Project("{2150E333-8FDC-42A3-9474-1A3956D46DE8}") = "2_LeapYear", "2_LeapYear", "{AE83F3D8-146B-409F-B3D6-9040EBF57CCF}"
EndProject
Project("{2150E333-8FDC-42A3-9474-1A3956D46DE8}") = "3_Fibonacci", "3_Fibonacci", "{6CEE18AF-2753-4467-8E1E-B2BE2E25055F}"
EndProject
Project("{2150E333-8FDC-42A3-9474-1A3956D46DE8}") = "4_StackKata", "4_StackKata", "{CFB50DF1-5769-4883-926C-03F953B0A8B2}"
EndProject
Project("{2150E333-8FDC-42A3-9474-1A3956D46DE8}") = "5_RomanNumerals", "5_RomanNumerals", "{D0DD8571-6DAD-4A78-8B6D-F69B1639BA4A}"
EndProject
Project("{2150E333-8FDC-42A3-9474-1A3956D46DE8}") = "6_PrimeFactors", "6_PrimeFactors", "{A6FF921C-5874-472B-AA32-E1318811DED7}"
EndProject
Project("{2150E333-8FDC-42A3-9474-1A3956D46DE8}") = "7_TicTacToe", "7_TicTacToe", "{7737AC6A-1B86-45FF-B601-2F0680CC010C}"
EndProject
Project("{2150E333-8FDC-42A3-9474-1A3956D46DE8}") = "8_Yahtzee", "8_Yahtzee", "{9F037B8F-EB61-4AFD-898F-88A05F4E4E78}"
EndProject
Project("{2150E333-8FDC-42A3-9474-1A3956D46DE8}") = "9_MarsRover", "9_MarsRover", "{90139B7B-F1E7-4DBB-878A-B2D5468A4D1A}"
EndProject
Project("{2150E333-8FDC-42A3-9474-1A3956D46DE8}") = "10_Tennis", "10_Tennis", "{80E2D9F7-D304-4934-8EBD-99DC29AF4EC1}"
EndProject
Project("{2150E333-8FDC-42A3-9474-1A3956D46DE8}") = "13_RefactoringGolf", "13_RefactoringGolf", "{B1DE4BF2-5EC0-4598-ADF8-4407EB7F872E}"
EndProject
Project("{2150E333-8FDC-42A3-9474-1A3956D46DE8}") = "15_SmellyTicTacToe", "15_SmellyTicTacToe", "{C346224A-6043-43BB-B239-B2B0A334776A}"
EndProject
Project("{2150E333-8FDC-42A3-9474-1A3956D46DE8}") = "14_CharacterCopier", "14_CharacterCopier", "{2676CFDB-480A-4643-83DA-8F2498258EB0}"
EndProject
Project("{2150E333-8FDC-42A3-9474-1A3956D46DE8}") = "18_TicTacToe", "18_TicTacToe", "{9F230852-7BEC-4233-AEE5-F2C01B166736}"
EndProject
Project("{2150E333-8FDC-42A3-9474-1A3956D46DE8}") = "16_ESAMarsRover", "16_ESAMarsRover", "{1248D3AC-78E8-4913-81AF-2EB6F797FDF7}"
EndProject
Project("{2150E333-8FDC-42A3-9474-1A3956D46DE8}") = "17_ShoppingCart", "17_ShoppingCart", "{8997B1E1-CB9C-48C4-9521-F70DC8202D03}"
EndProject
Project("{2150E333-8FDC-42A3-9474-1A3956D46DE8}") = "20_SocialNetwork", "20_SocialNetwork", "{6DC9256D-F883-4AE1-A23C-6DFC3ECD1F5B}"
EndProject
Project("{2150E333-8FDC-42A3-9474-1A3956D46DE8}") = "19_Katacombs", "19_Katacombs", "{79473D09-4874-4B5B-A752-640E31B61533}"
EndProject
Project("{2150E333-8FDC-42A3-9474-1A3956D46DE8}") = "12_RaidService", "12_RaidService", "{BCE82944-95A2-48C7-B1A4-4C289AE6ED1F}"
EndProject
Global
	GlobalSection(SolutionConfigurationPlatforms) = preSolution
		Debug|Any CPU = Debug|Any CPU
		Release|Any CPU = Release|Any CPU
	EndGlobalSection
	GlobalSection(SolutionProperties) = preSolution
		HideSolutionNode = FALSE
	EndGlobalSection
	GlobalSection(ProjectConfigurationPlatforms) = postSolution
		{8467E903-9DE3-4CAA-8402-CA587C979802}.Debug|Any CPU.ActiveCfg = Debug|Any CPU
		{8467E903-9DE3-4CAA-8402-CA587C979802}.Debug|Any CPU.Build.0 = Debug|Any CPU
		{8467E903-9DE3-4CAA-8402-CA587C979802}.Release|Any CPU.ActiveCfg = Release|Any CPU
		{8467E903-9DE3-4CAA-8402-CA587C979802}.Release|Any CPU.Build.0 = Release|Any CPU
		{0BCD9AE3-D356-46F7-A99E-B3A6655C6495}.Debug|Any CPU.ActiveCfg = Debug|Any CPU
		{0BCD9AE3-D356-46F7-A99E-B3A6655C6495}.Debug|Any CPU.Build.0 = Debug|Any CPU
		{0BCD9AE3-D356-46F7-A99E-B3A6655C6495}.Release|Any CPU.ActiveCfg = Release|Any CPU
		{0BCD9AE3-D356-46F7-A99E-B3A6655C6495}.Release|Any CPU.Build.0 = Release|Any CPU
		{120AC740-3E12-43E6-B4AF-CFEBF97F0247}.Debug|Any CPU.ActiveCfg = Debug|Any CPU
		{120AC740-3E12-43E6-B4AF-CFEBF97F0247}.Debug|Any CPU.Build.0 = Debug|Any CPU
		{120AC740-3E12-43E6-B4AF-CFEBF97F0247}.Release|Any CPU.ActiveCfg = Release|Any CPU
		{120AC740-3E12-43E6-B4AF-CFEBF97F0247}.Release|Any CPU.Build.0 = Release|Any CPU
		{273775F7-A344-4DFD-9BA3-0054CE7D2B2F}.Debug|Any CPU.ActiveCfg = Debug|Any CPU
		{273775F7-A344-4DFD-9BA3-0054CE7D2B2F}.Debug|Any CPU.Build.0 = Debug|Any CPU
		{273775F7-A344-4DFD-9BA3-0054CE7D2B2F}.Release|Any CPU.ActiveCfg = Release|Any CPU
		{273775F7-A344-4DFD-9BA3-0054CE7D2B2F}.Release|Any CPU.Build.0 = Release|Any CPU
		{EA31B85F-CC27-413C-88AF-1B54A0A570EC}.Debug|Any CPU.ActiveCfg = Debug|Any CPU
		{EA31B85F-CC27-413C-88AF-1B54A0A570EC}.Debug|Any CPU.Build.0 = Debug|Any CPU
		{EA31B85F-CC27-413C-88AF-1B54A0A570EC}.Release|Any CPU.ActiveCfg = Release|Any CPU
		{EA31B85F-CC27-413C-88AF-1B54A0A570EC}.Release|Any CPU.Build.0 = Release|Any CPU
		{415E1361-D230-4512-8A3A-B38B1AE6F4AC}.Debug|Any CPU.ActiveCfg = Debug|Any CPU
		{415E1361-D230-4512-8A3A-B38B1AE6F4AC}.Debug|Any CPU.Build.0 = Debug|Any CPU
		{415E1361-D230-4512-8A3A-B38B1AE6F4AC}.Release|Any CPU.ActiveCfg = Release|Any CPU
		{415E1361-D230-4512-8A3A-B38B1AE6F4AC}.Release|Any CPU.Build.0 = Release|Any CPU
		{73CD29A0-01F3-4AF5-B63A-13388CC47C19}.Debug|Any CPU.ActiveCfg = Debug|Any CPU
		{73CD29A0-01F3-4AF5-B63A-13388CC47C19}.Debug|Any CPU.Build.0 = Debug|Any CPU
		{73CD29A0-01F3-4AF5-B63A-13388CC47C19}.Release|Any CPU.ActiveCfg = Release|Any CPU
		{73CD29A0-01F3-4AF5-B63A-13388CC47C19}.Release|Any CPU.Build.0 = Release|Any CPU
		{02496CBD-97F8-4929-A765-E44BB73257F9}.Debug|Any CPU.ActiveCfg = Debug|Any CPU
		{02496CBD-97F8-4929-A765-E44BB73257F9}.Debug|Any CPU.Build.0 = Debug|Any CPU
		{02496CBD-97F8-4929-A765-E44BB73257F9}.Release|Any CPU.ActiveCfg = Release|Any CPU
		{02496CBD-97F8-4929-A765-E44BB73257F9}.Release|Any CPU.Build.0 = Release|Any CPU
		{C7E2183A-0476-4A99-8954-F95C68369FF3}.Debug|Any CPU.ActiveCfg = Debug|Any CPU
		{C7E2183A-0476-4A99-8954-F95C68369FF3}.Debug|Any CPU.Build.0 = Debug|Any CPU
		{C7E2183A-0476-4A99-8954-F95C68369FF3}.Release|Any CPU.ActiveCfg = Release|Any CPU
		{C7E2183A-0476-4A99-8954-F95C68369FF3}.Release|Any CPU.Build.0 = Release|Any CPU
		{77BB7E48-741C-412B-8349-DC9C39B87808}.Debug|Any CPU.ActiveCfg = Debug|Any CPU
		{77BB7E48-741C-412B-8349-DC9C39B87808}.Debug|Any CPU.Build.0 = Debug|Any CPU
		{77BB7E48-741C-412B-8349-DC9C39B87808}.Release|Any CPU.ActiveCfg = Release|Any CPU
		{77BB7E48-741C-412B-8349-DC9C39B87808}.Release|Any CPU.Build.0 = Release|Any CPU
		{D4CA7C73-4E0C-4ED1-8918-9425D45E1049}.Debug|Any CPU.ActiveCfg = Debug|Any CPU
		{D4CA7C73-4E0C-4ED1-8918-9425D45E1049}.Debug|Any CPU.Build.0 = Debug|Any CPU
		{D4CA7C73-4E0C-4ED1-8918-9425D45E1049}.Release|Any CPU.ActiveCfg = Release|Any CPU
		{D4CA7C73-4E0C-4ED1-8918-9425D45E1049}.Release|Any CPU.Build.0 = Release|Any CPU
		{2BB8916A-E0CE-40C4-A441-272360495094}.Debug|Any CPU.ActiveCfg = Debug|Any CPU
		{2BB8916A-E0CE-40C4-A441-272360495094}.Debug|Any CPU.Build.0 = Debug|Any CPU
		{2BB8916A-E0CE-40C4-A441-272360495094}.Release|Any CPU.ActiveCfg = Release|Any CPU
		{2BB8916A-E0CE-40C4-A441-272360495094}.Release|Any CPU.Build.0 = Release|Any CPU
		{9DCC252C-E855-4178-BEFA-ED27501E4861}.Debug|Any CPU.ActiveCfg = Debug|Any CPU
		{9DCC252C-E855-4178-BEFA-ED27501E4861}.Debug|Any CPU.Build.0 = Debug|Any CPU
		{9DCC252C-E855-4178-BEFA-ED27501E4861}.Release|Any CPU.ActiveCfg = Release|Any CPU
		{9DCC252C-E855-4178-BEFA-ED27501E4861}.Release|Any CPU.Build.0 = Release|Any CPU
		{36D6986B-FE11-4945-91F6-F2BB0068D326}.Debug|Any CPU.ActiveCfg = Debug|Any CPU
		{36D6986B-FE11-4945-91F6-F2BB0068D326}.Debug|Any CPU.Build.0 = Debug|Any CPU
		{36D6986B-FE11-4945-91F6-F2BB0068D326}.Release|Any CPU.ActiveCfg = Release|Any CPU
		{36D6986B-FE11-4945-91F6-F2BB0068D326}.Release|Any CPU.Build.0 = Release|Any CPU
		{5CDE2ECB-4719-4C52-AD4A-DAAB3BC81FEB}.Debug|Any CPU.ActiveCfg = Debug|Any CPU
		{5CDE2ECB-4719-4C52-AD4A-DAAB3BC81FEB}.Debug|Any CPU.Build.0 = Debug|Any CPU
		{5CDE2ECB-4719-4C52-AD4A-DAAB3BC81FEB}.Release|Any CPU.ActiveCfg = Release|Any CPU
		{5CDE2ECB-4719-4C52-AD4A-DAAB3BC81FEB}.Release|Any CPU.Build.0 = Release|Any CPU
		{ED89D326-7553-4F55-9D49-E19A578F5CAA}.Debug|Any CPU.ActiveCfg = Debug|Any CPU
		{ED89D326-7553-4F55-9D49-E19A578F5CAA}.Debug|Any CPU.Build.0 = Debug|Any CPU
		{ED89D326-7553-4F55-9D49-E19A578F5CAA}.Release|Any CPU.ActiveCfg = Release|Any CPU
		{ED89D326-7553-4F55-9D49-E19A578F5CAA}.Release|Any CPU.Build.0 = Release|Any CPU
		{66BB0F37-1038-4DFB-A329-F85F3D9A7BA5}.Debug|Any CPU.ActiveCfg = Debug|Any CPU
		{66BB0F37-1038-4DFB-A329-F85F3D9A7BA5}.Debug|Any CPU.Build.0 = Debug|Any CPU
		{66BB0F37-1038-4DFB-A329-F85F3D9A7BA5}.Release|Any CPU.ActiveCfg = Release|Any CPU
		{66BB0F37-1038-4DFB-A329-F85F3D9A7BA5}.Release|Any CPU.Build.0 = Release|Any CPU
		{E57F46F2-EE7B-45B9-AFF5-A19592EF0CCD}.Debug|Any CPU.ActiveCfg = Debug|Any CPU
		{E57F46F2-EE7B-45B9-AFF5-A19592EF0CCD}.Debug|Any CPU.Build.0 = Debug|Any CPU
		{E57F46F2-EE7B-45B9-AFF5-A19592EF0CCD}.Release|Any CPU.ActiveCfg = Release|Any CPU
		{E57F46F2-EE7B-45B9-AFF5-A19592EF0CCD}.Release|Any CPU.Build.0 = Release|Any CPU
		{30B38272-47A5-4C8A-804E-B09E92DB22AF}.Debug|Any CPU.ActiveCfg = Debug|Any CPU
		{30B38272-47A5-4C8A-804E-B09E92DB22AF}.Debug|Any CPU.Build.0 = Debug|Any CPU
		{30B38272-47A5-4C8A-804E-B09E92DB22AF}.Release|Any CPU.ActiveCfg = Release|Any CPU
		{30B38272-47A5-4C8A-804E-B09E92DB22AF}.Release|Any CPU.Build.0 = Release|Any CPU
		{F379754B-90C8-48EF-B037-D6DCB9D3AD97}.Debug|Any CPU.ActiveCfg = Debug|Any CPU
		{F379754B-90C8-48EF-B037-D6DCB9D3AD97}.Debug|Any CPU.Build.0 = Debug|Any CPU
		{F379754B-90C8-48EF-B037-D6DCB9D3AD97}.Release|Any CPU.ActiveCfg = Release|Any CPU
		{F379754B-90C8-48EF-B037-D6DCB9D3AD97}.Release|Any CPU.Build.0 = Release|Any CPU
		{8682C561-9EC2-4289-B2F1-1C6890044AAA}.Debug|Any CPU.ActiveCfg = Debug|Any CPU
		{8682C561-9EC2-4289-B2F1-1C6890044AAA}.Debug|Any CPU.Build.0 = Debug|Any CPU
		{8682C561-9EC2-4289-B2F1-1C6890044AAA}.Release|Any CPU.ActiveCfg = Release|Any CPU
		{8682C561-9EC2-4289-B2F1-1C6890044AAA}.Release|Any CPU.Build.0 = Release|Any CPU
	EndGlobalSection
	GlobalSection(NestedProjects) = preSolution
		{8682C561-9EC2-4289-B2F1-1C6890044AAA} = {B558057E-7762-4809-A363-FD216603BC46}
		{D4CA7C73-4E0C-4ED1-8918-9425D45E1049} = {B558057E-7762-4809-A363-FD216603BC46}
		{8467E903-9DE3-4CAA-8402-CA587C979802} = {933EDD41-2050-483F-8460-A4FAF5928E76}
		{0BCD9AE3-D356-46F7-A99E-B3A6655C6495} = {AE83F3D8-146B-409F-B3D6-9040EBF57CCF}
		{120AC740-3E12-43E6-B4AF-CFEBF97F0247} = {6CEE18AF-2753-4467-8E1E-B2BE2E25055F}
		{273775F7-A344-4DFD-9BA3-0054CE7D2B2F} = {CFB50DF1-5769-4883-926C-03F953B0A8B2}
		{EA31B85F-CC27-413C-88AF-1B54A0A570EC} = {D0DD8571-6DAD-4A78-8B6D-F69B1639BA4A}
		{415E1361-D230-4512-8A3A-B38B1AE6F4AC} = {A6FF921C-5874-472B-AA32-E1318811DED7}
		{73CD29A0-01F3-4AF5-B63A-13388CC47C19} = {7737AC6A-1B86-45FF-B601-2F0680CC010C}
		{02496CBD-97F8-4929-A765-E44BB73257F9} = {9F037B8F-EB61-4AFD-898F-88A05F4E4E78}
		{C7E2183A-0476-4A99-8954-F95C68369FF3} = {90139B7B-F1E7-4DBB-878A-B2D5468A4D1A}
		{77BB7E48-741C-412B-8349-DC9C39B87808} = {80E2D9F7-D304-4934-8EBD-99DC29AF4EC1}
		{9DCC252C-E855-4178-BEFA-ED27501E4861} = {B1DE4BF2-5EC0-4598-ADF8-4407EB7F872E}
		{E57F46F2-EE7B-45B9-AFF5-A19592EF0CCD} = {C346224A-6043-43BB-B239-B2B0A334776A}
		{36D6986B-FE11-4945-91F6-F2BB0068D326} = {2676CFDB-480A-4643-83DA-8F2498258EB0}
		{5CDE2ECB-4719-4C52-AD4A-DAAB3BC81FEB} = {9F230852-7BEC-4233-AEE5-F2C01B166736}
		{ED89D326-7553-4F55-9D49-E19A578F5CAA} = {1248D3AC-78E8-4913-81AF-2EB6F797FDF7}
		{66BB0F37-1038-4DFB-A329-F85F3D9A7BA5} = {8997B1E1-CB9C-48C4-9521-F70DC8202D03}
		{30B38272-47A5-4C8A-804E-B09E92DB22AF} = {6DC9256D-F883-4AE1-A23C-6DFC3ECD1F5B}
		{F379754B-90C8-48EF-B037-D6DCB9D3AD97} = {79473D09-4874-4B5B-A752-640E31B61533}
		{2BB8916A-E0CE-40C4-A441-272360495094} = {BCE82944-95A2-48C7-B1A4-4C289AE6ED1F}
	EndGlobalSection
EndGlobal
